
Microsoft Visual Studio Solution File, Format Version 12.00
# Visual Studio Version 16
VisualStudioVersion = 16.0.32106.194
MinimumVisualStudioVersion = 10.0.40219.1
Project("{FAE04EC0-301F-11D3-BF4B-00C04F79EFBC}") = "EmployeeMangementApp", "EmployeeMangementApp\EmployeeMangementApp.csproj", "{0A4BCA73-A2F1-47AE-B886-242FFF326F3F}"
EndProject
Global
	GlobalSection(SolutionConfigurationPlatforms) = preSolution
		Debug|Any CPU = Debug|Any CPU
		Release|Any CPU = Release|Any CPU
	EndGlobalSection
	GlobalSection(ProjectConfigurationPlatforms) = postSolution
		{0A4BCA73-A2F1-47AE-B886-242FFF326F3F}.Debug|Any CPU.ActiveCfg = Debug|Any CPU
		{0A4BCA73-A2F1-47AE-B886-242FFF326F3F}.Debug|Any CPU.Build.0 = Debug|Any CPU
		{0A4BCA73-A2F1-47AE-B886-242FFF326F3F}.Release|Any CPU.ActiveCfg = Release|Any CPU
		{0A4BCA73-A2F1-47AE-B886-242FFF326F3F}.Release|Any CPU.Build.0 = Release|Any CPU
	EndGlobalSection
	GlobalSection(SolutionProperties) = preSolution
		HideSolutionNode = FALSE
	EndGlobalSection
	GlobalSection(ExtensibilityGlobals) = postSolution
		SolutionGuid = {53B81309-A4AA-4D35-80BA-F5FEDB417FB2}
	EndGlobalSection
EndGlobal
